// !$*UTF8*$!
{
	archiveVersion = 1;
	classes = {
	};
	objectVersion = 46;
	objects = {

/* Begin PBXFileReference section */
		05E4465A13AC182D00D9B252 /* README.md */ = {isa = PBXFileReference; lastKnownFileType = text; path = README.md; sourceTree = "<group>"; };
		05E4465B13AC182D00D9B252 /* yaki */ = {isa = PBXFileReference; lastKnownFileType = folder; path = yaki; sourceTree = "<group>"; };
/* End PBXFileReference section */

/* Begin PBXGroup section */
		05E4464513AC175600D9B252 = {
			isa = PBXGroup;
			children = (
				05E4465A13AC182D00D9B252 /* README.md */,
				05E4465B13AC182D00D9B252 /* yaki */,
			);
			sourceTree = "<group>";
		};
/* End PBXGroup section */

/* Begin PBXProject section */
		05E4464713AC175600D9B252 /* Project object */ = {
			isa = PBXProject;
			buildConfigurationList = 05E4464A13AC175600D9B252 /* Build configuration list for PBXProject "Yaki" */;
			compatibilityVersion = "Xcode 3.2";
			developmentRegion = English;
			hasScannedForEncodings = 0;
			knownRegions = (
				en,
			);
			mainGroup = 05E4464513AC175600D9B252;
			projectDirPath = "";
			projectRoot = "";
			targets = (
			);
		};
/* End PBXProject section */

/* Begin XCBuildConfiguration section */
		05E4464C13AC175600D9B252 /* Debug */ = {
			isa = XCBuildConfiguration;
			buildSettings = {
			};
			name = Debug;
		};
		05E4464D13AC175600D9B252 /* Release */ = {
			isa = XCBuildConfiguration;
			buildSettings = {
			};
			name = Release;
		};
/* End XCBuildConfiguration section */

/* Begin XCConfigurationList section */
		05E4464A13AC175600D9B252 /* Build configuration list for PBXProject "Yaki" */ = {
			isa = XCConfigurationList;
			buildConfigurations = (
				05E4464C13AC175600D9B252 /* Debug */,
				05E4464D13AC175600D9B252 /* Release */,
			);
			defaultConfigurationIsVisible = 0;
			defaultConfigurationName = Release;
		};
/* End XCConfigurationList section */
	};
	rootObject = 05E4464713AC175600D9B252 /* Project object */;
}
